
Microsoft Visual Studio Solution File, Format Version 12.00
# Visual Studio Version 16
VisualStudioVersion = 16.0.29509.3
MinimumVisualStudioVersion = 10.0.40219.1
Project("{FAE04EC0-301F-11D3-BF4B-00C04F79EFBC}") = "Toolroom Project Viewer", "Toolroom Project Viewer\Toolroom Project Viewer.csproj", "{4254216E-4359-45F5-A30E-0F7FAE13EEB9}"
EndProject
Project("{FAE04EC0-301F-11D3-BF4B-00C04F79EFBC}") = "ClassLibrary", "ClassLibrary\ClassLibrary.csproj", "{EA263FF2-AFEF-4570-8909-65446FFCD783}"
EndProject
Project("{FAE04EC0-301F-11D3-BF4B-00C04F79EFBC}") = "TaskViewer", "TaskViewer\TaskViewer.csproj", "{ED6612A2-4F4E-4418-8076-3202DE469559}"
EndProject
Project("{FAE04EC0-301F-11D3-BF4B-00C04F79EFBC}") = "ClassLibrary.Tests", "DemoLibrary.Tests\ClassLibrary.Tests.csproj", "{346C3DB0-7198-4626-9FFE-F462265568BC}"
EndProject
Project("{FAE04EC0-301F-11D3-BF4B-00C04F79EFBC}") = "ToolRoomProjectViewer.Tests", "MainWindow.Tests\ToolRoomProjectViewer.Tests.csproj", "{532812AD-9DA7-4327-8A4A-37096A1120DB}"
EndProject
Project("{FAE04EC0-301F-11D3-BF4B-00C04F79EFBC}") = "ReportClassLibrary", "ReportClassLibrary\ReportClassLibrary.csproj", "{E0AF6EFB-371A-44F7-82E9-498EA469ED33}"
EndProject
Project("{FAE04EC0-301F-11D3-BF4B-00C04F79EFBC}") = "DatabaseBackupApp", "SchedulerDatabaseBackupApp\DatabaseBackupApp.csproj", "{BD8B70B7-BC57-411C-9DDE-EB0E29D1C97A}"
EndProject
Global
	GlobalSection(SolutionConfigurationPlatforms) = preSolution
		Debug|Any CPU = Debug|Any CPU
		Release|Any CPU = Release|Any CPU
	EndGlobalSection
	GlobalSection(ProjectConfigurationPlatforms) = postSolution
		{4254216E-4359-45F5-A30E-0F7FAE13EEB9}.Debug|Any CPU.ActiveCfg = Debug|Any CPU
		{4254216E-4359-45F5-A30E-0F7FAE13EEB9}.Debug|Any CPU.Build.0 = Debug|Any CPU
		{4254216E-4359-45F5-A30E-0F7FAE13EEB9}.Release|Any CPU.ActiveCfg = Release|Any CPU
		{4254216E-4359-45F5-A30E-0F7FAE13EEB9}.Release|Any CPU.Build.0 = Release|Any CPU
		{EA263FF2-AFEF-4570-8909-65446FFCD783}.Debug|Any CPU.ActiveCfg = Debug|Any CPU
		{EA263FF2-AFEF-4570-8909-65446FFCD783}.Debug|Any CPU.Build.0 = Debug|Any CPU
		{EA263FF2-AFEF-4570-8909-65446FFCD783}.Release|Any CPU.ActiveCfg = Release|Any CPU
		{EA263FF2-AFEF-4570-8909-65446FFCD783}.Release|Any CPU.Build.0 = Release|Any CPU
		{ED6612A2-4F4E-4418-8076-3202DE469559}.Debug|Any CPU.ActiveCfg = Debug|Any CPU
		{ED6612A2-4F4E-4418-8076-3202DE469559}.Debug|Any CPU.Build.0 = Debug|Any CPU
		{ED6612A2-4F4E-4418-8076-3202DE469559}.Release|Any CPU.ActiveCfg = Release|Any CPU
		{ED6612A2-4F4E-4418-8076-3202DE469559}.Release|Any CPU.Build.0 = Release|Any CPU
		{346C3DB0-7198-4626-9FFE-F462265568BC}.Debug|Any CPU.ActiveCfg = Debug|Any CPU
		{346C3DB0-7198-4626-9FFE-F462265568BC}.Debug|Any CPU.Build.0 = Debug|Any CPU
		{346C3DB0-7198-4626-9FFE-F462265568BC}.Release|Any CPU.ActiveCfg = Release|Any CPU
		{346C3DB0-7198-4626-9FFE-F462265568BC}.Release|Any CPU.Build.0 = Release|Any CPU
		{532812AD-9DA7-4327-8A4A-37096A1120DB}.Debug|Any CPU.ActiveCfg = Debug|Any CPU
		{532812AD-9DA7-4327-8A4A-37096A1120DB}.Debug|Any CPU.Build.0 = Debug|Any CPU
		{532812AD-9DA7-4327-8A4A-37096A1120DB}.Release|Any CPU.ActiveCfg = Release|Any CPU
		{532812AD-9DA7-4327-8A4A-37096A1120DB}.Release|Any CPU.Build.0 = Release|Any CPU
		{E0AF6EFB-371A-44F7-82E9-498EA469ED33}.Debug|Any CPU.ActiveCfg = Debug|Any CPU
		{E0AF6EFB-371A-44F7-82E9-498EA469ED33}.Debug|Any CPU.Build.0 = Debug|Any CPU
		{E0AF6EFB-371A-44F7-82E9-498EA469ED33}.Release|Any CPU.ActiveCfg = Release|Any CPU
		{E0AF6EFB-371A-44F7-82E9-498EA469ED33}.Release|Any CPU.Build.0 = Release|Any CPU
		{BD8B70B7-BC57-411C-9DDE-EB0E29D1C97A}.Debug|Any CPU.ActiveCfg = Debug|Any CPU
		{BD8B70B7-BC57-411C-9DDE-EB0E29D1C97A}.Debug|Any CPU.Build.0 = Debug|Any CPU
		{BD8B70B7-BC57-411C-9DDE-EB0E29D1C97A}.Release|Any CPU.ActiveCfg = Release|Any CPU
		{BD8B70B7-BC57-411C-9DDE-EB0E29D1C97A}.Release|Any CPU.Build.0 = Release|Any CPU
	EndGlobalSection
	GlobalSection(SolutionProperties) = preSolution
		HideSolutionNode = FALSE
	EndGlobalSection
	GlobalSection(ExtensibilityGlobals) = postSolution
		SolutionGuid = {68105BE6-C35E-4A81-9856-9E7A7AB15B1E}
	EndGlobalSection
EndGlobal
